// !$*UTF8*$!
{
	archiveVersion = 1;
	classes = {
	};
	objectVersion = 50;
	objects = {

/* Begin PBXBuildFile section */
		841C8F6320BB7AC000267D2D /* AppDelegate.swift in Sources */ = {isa = PBXBuildFile; fileRef = 841C8F6220BB7AC000267D2D /* AppDelegate.swift */; };
		841C8F6820BB7AC000267D2D /* Main.storyboard in Resources */ = {isa = PBXBuildFile; fileRef = 841C8F6620BB7AC000267D2D /* Main.storyboard */; };
		841C8F6A20BB7AC300267D2D /* Assets.xcassets in Resources */ = {isa = PBXBuildFile; fileRef = 841C8F6920BB7AC300267D2D /* Assets.xcassets */; };
		841C8F6D20BB7AC300267D2D /* LaunchScreen.storyboard in Resources */ = {isa = PBXBuildFile; fileRef = 841C8F6B20BB7AC300267D2D /* LaunchScreen.storyboard */; };
		841C8F7820BB7AC300267D2D /* FlickrFeedTestAppTests.swift in Sources */ = {isa = PBXBuildFile; fileRef = 841C8F7720BB7AC300267D2D /* FlickrFeedTestAppTests.swift */; };
		841C8F8320BB7AC300267D2D /* FlickrFeedTestAppUITests.swift in Sources */ = {isa = PBXBuildFile; fileRef = 841C8F8220BB7AC300267D2D /* FlickrFeedTestAppUITests.swift */; };
		84C4648020BB7C17006B121B /* FeedViewController.swift in Sources */ = {isa = PBXBuildFile; fileRef = 84C4647F20BB7C17006B121B /* FeedViewController.swift */; };
		84C4648220BB7C25006B121B /* FeedViewModel.swift in Sources */ = {isa = PBXBuildFile; fileRef = 84C4648120BB7C25006B121B /* FeedViewModel.swift */; };
		84C4648420BB7C43006B121B /* FeedProvider.swift in Sources */ = {isa = PBXBuildFile; fileRef = 84C4648320BB7C43006B121B /* FeedProvider.swift */; };
		84C4648720BB7E07006B121B /* FeedResponseModel.swift in Sources */ = {isa = PBXBuildFile; fileRef = 84C4648620BB7E07006B121B /* FeedResponseModel.swift */; };
		84C4648B20BB833F006B121B /* Result.swift in Sources */ = {isa = PBXBuildFile; fileRef = 84C4648A20BB833F006B121B /* Result.swift */; };
		84C4648D20BB83D8006B121B /* FeedURLRequestBuilder.swift in Sources */ = {isa = PBXBuildFile; fileRef = 84C4648C20BB83D8006B121B /* FeedURLRequestBuilder.swift */; };
		84C4648F20BB8BB8006B121B /* HTTPDefines.swift in Sources */ = {isa = PBXBuildFile; fileRef = 84C4648E20BB8BB8006B121B /* HTTPDefines.swift */; };
		84C4649120BB8D45006B121B /* FeedJSONDecoderBuilder.swift in Sources */ = {isa = PBXBuildFile; fileRef = 84C4649020BB8D45006B121B /* FeedJSONDecoderBuilder.swift */; };
		84C4649720BB9231006B121B /* ImageProvider.swift in Sources */ = {isa = PBXBuildFile; fileRef = 84C4649620BB9231006B121B /* ImageProvider.swift */; };
		84C4649E20BB9529006B121B /* LocalizedStringProvider.swift in Sources */ = {isa = PBXBuildFile; fileRef = 84C4649D20BB9529006B121B /* LocalizedStringProvider.swift */; };
		84C464A320BB9A37006B121B /* FeedItemTableViewCell.swift in Sources */ = {isa = PBXBuildFile; fileRef = 84C464A120BB9A37006B121B /* FeedItemTableViewCell.swift */; };
		84C464A420BB9A37006B121B /* FeedItemTableViewCell.xib in Resources */ = {isa = PBXBuildFile; fileRef = 84C464A220BB9A37006B121B /* FeedItemTableViewCell.xib */; };
		84C464A820BB9C8D006B121B /* Reusable.swift in Sources */ = {isa = PBXBuildFile; fileRef = 84C464A720BB9C8D006B121B /* Reusable.swift */; };
		84C464AA20BBA2F2006B121B /* FeedProviderHelper.swift in Sources */ = {isa = PBXBuildFile; fileRef = 84C464A920BBA2F2006B121B /* FeedProviderHelper.swift */; };
/* End PBXBuildFile section */

/* Begin PBXContainerItemProxy section */
		841C8F7420BB7AC300267D2D /* PBXContainerItemProxy */ = {
			isa = PBXContainerItemProxy;
			containerPortal = 841C8F5720BB7ABF00267D2D /* Project object */;
			proxyType = 1;
			remoteGlobalIDString = 841C8F5E20BB7ABF00267D2D;
			remoteInfo = FlickrFeedTestApp;
		};
		841C8F7F20BB7AC300267D2D /* PBXContainerItemProxy */ = {
			isa = PBXContainerItemProxy;
			containerPortal = 841C8F5720BB7ABF00267D2D /* Project object */;
			proxyType = 1;
			remoteGlobalIDString = 841C8F5E20BB7ABF00267D2D;
			remoteInfo = FlickrFeedTestApp;
		};
/* End PBXContainerItemProxy section */

/* Begin PBXFileReference section */
		841C8F5F20BB7AC000267D2D /* FlickrFeedTestApp.app */ = {isa = PBXFileReference; explicitFileType = wrapper.application; includeInIndex = 0; path = FlickrFeedTestApp.app; sourceTree = BUILT_PRODUCTS_DIR; };
		841C8F6220BB7AC000267D2D /* AppDelegate.swift */ = {isa = PBXFileReference; lastKnownFileType = sourcecode.swift; path = AppDelegate.swift; sourceTree = "<group>"; };
		841C8F6720BB7AC000267D2D /* Base */ = {isa = PBXFileReference; lastKnownFileType = file.storyboard; name = Base; path = Base.lproj/Main.storyboard; sourceTree = "<group>"; };
		841C8F6920BB7AC300267D2D /* Assets.xcassets */ = {isa = PBXFileReference; lastKnownFileType = folder.assetcatalog; path = Assets.xcassets; sourceTree = "<group>"; };
		841C8F6C20BB7AC300267D2D /* Base */ = {isa = PBXFileReference; lastKnownFileType = file.storyboard; name = Base; path = Base.lproj/LaunchScreen.storyboard; sourceTree = "<group>"; };
		841C8F6E20BB7AC300267D2D /* Info.plist */ = {isa = PBXFileReference; lastKnownFileType = text.plist.xml; path = Info.plist; sourceTree = "<group>"; };
		841C8F7320BB7AC300267D2D /* FlickrFeedTestAppTests.xctest */ = {isa = PBXFileReference; explicitFileType = wrapper.cfbundle; includeInIndex = 0; path = FlickrFeedTestAppTests.xctest; sourceTree = BUILT_PRODUCTS_DIR; };
		841C8F7720BB7AC300267D2D /* FlickrFeedTestAppTests.swift */ = {isa = PBXFileReference; lastKnownFileType = sourcecode.swift; path = FlickrFeedTestAppTests.swift; sourceTree = "<group>"; };
		841C8F7920BB7AC300267D2D /* Info.plist */ = {isa = PBXFileReference; lastKnownFileType = text.plist.xml; path = Info.plist; sourceTree = "<group>"; };
		841C8F7E20BB7AC300267D2D /* FlickrFeedTestAppUITests.xctest */ = {isa = PBXFileReference; explicitFileType = wrapper.cfbundle; includeInIndex = 0; path = FlickrFeedTestAppUITests.xctest; sourceTree = BUILT_PRODUCTS_DIR; };
		841C8F8220BB7AC300267D2D /* FlickrFeedTestAppUITests.swift */ = {isa = PBXFileReference; lastKnownFileType = sourcecode.swift; path = FlickrFeedTestAppUITests.swift; sourceTree = "<group>"; };
		841C8F8420BB7AC300267D2D /* Info.plist */ = {isa = PBXFileReference; lastKnownFileType = text.plist.xml; path = Info.plist; sourceTree = "<group>"; };
		84C4647F20BB7C17006B121B /* FeedViewController.swift */ = {isa = PBXFileReference; lastKnownFileType = sourcecode.swift; path = FeedViewController.swift; sourceTree = "<group>"; };
		84C4648120BB7C25006B121B /* FeedViewModel.swift */ = {isa = PBXFileReference; lastKnownFileType = sourcecode.swift; path = FeedViewModel.swift; sourceTree = "<group>"; };
		84C4648320BB7C43006B121B /* FeedProvider.swift */ = {isa = PBXFileReference; lastKnownFileType = sourcecode.swift; path = FeedProvider.swift; sourceTree = "<group>"; };
		84C4648620BB7E07006B121B /* FeedResponseModel.swift */ = {isa = PBXFileReference; lastKnownFileType = sourcecode.swift; path = FeedResponseModel.swift; sourceTree = "<group>"; };
		84C4648A20BB833F006B121B /* Result.swift */ = {isa = PBXFileReference; lastKnownFileType = sourcecode.swift; path = Result.swift; sourceTree = "<group>"; };
		84C4648C20BB83D8006B121B /* FeedURLRequestBuilder.swift */ = {isa = PBXFileReference; lastKnownFileType = sourcecode.swift; path = FeedURLRequestBuilder.swift; sourceTree = "<group>"; };
		84C4648E20BB8BB8006B121B /* HTTPDefines.swift */ = {isa = PBXFileReference; lastKnownFileType = sourcecode.swift; path = HTTPDefines.swift; sourceTree = "<group>"; };
		84C4649020BB8D45006B121B /* FeedJSONDecoderBuilder.swift */ = {isa = PBXFileReference; lastKnownFileType = sourcecode.swift; path = FeedJSONDecoderBuilder.swift; sourceTree = "<group>"; };
		84C4649620BB9231006B121B /* ImageProvider.swift */ = {isa = PBXFileReference; lastKnownFileType = sourcecode.swift; path = ImageProvider.swift; sourceTree = "<group>"; };
		84C4649D20BB9529006B121B /* LocalizedStringProvider.swift */ = {isa = PBXFileReference; lastKnownFileType = sourcecode.swift; path = LocalizedStringProvider.swift; sourceTree = "<group>"; };
		84C464A120BB9A37006B121B /* FeedItemTableViewCell.swift */ = {isa = PBXFileReference; lastKnownFileType = sourcecode.swift; path = FeedItemTableViewCell.swift; sourceTree = "<group>"; };
		84C464A220BB9A37006B121B /* FeedItemTableViewCell.xib */ = {isa = PBXFileReference; lastKnownFileType = file.xib; path = FeedItemTableViewCell.xib; sourceTree = "<group>"; };
		84C464A720BB9C8D006B121B /* Reusable.swift */ = {isa = PBXFileReference; lastKnownFileType = sourcecode.swift; path = Reusable.swift; sourceTree = "<group>"; };
		84C464A920BBA2F2006B121B /* FeedProviderHelper.swift */ = {isa = PBXFileReference; lastKnownFileType = sourcecode.swift; path = FeedProviderHelper.swift; sourceTree = "<group>"; };
/* End PBXFileReference section */

/* Begin PBXFrameworksBuildPhase section */
		841C8F5C20BB7ABF00267D2D /* Frameworks */ = {
			isa = PBXFrameworksBuildPhase;
			buildActionMask = 2147483647;
			files = (
			);
			runOnlyForDeploymentPostprocessing = 0;
		};
		841C8F7020BB7AC300267D2D /* Frameworks */ = {
			isa = PBXFrameworksBuildPhase;
			buildActionMask = 2147483647;
			files = (
			);
			runOnlyForDeploymentPostprocessing = 0;
		};
		841C8F7B20BB7AC300267D2D /* Frameworks */ = {
			isa = PBXFrameworksBuildPhase;
			buildActionMask = 2147483647;
			files = (
			);
			runOnlyForDeploymentPostprocessing = 0;
		};
/* End PBXFrameworksBuildPhase section */

/* Begin PBXGroup section */
		841C8F5620BB7ABF00267D2D = {
			isa = PBXGroup;
			children = (
				841C8F6120BB7AC000267D2D /* FlickrFeedTestApp */,
				841C8F7620BB7AC300267D2D /* FlickrFeedTestAppTests */,
				841C8F8120BB7AC300267D2D /* FlickrFeedTestAppUITests */,
				841C8F6020BB7AC000267D2D /* Products */,
			);
			sourceTree = "<group>";
		};
		841C8F6020BB7AC000267D2D /* Products */ = {
			isa = PBXGroup;
			children = (
				841C8F5F20BB7AC000267D2D /* FlickrFeedTestApp.app */,
				841C8F7320BB7AC300267D2D /* FlickrFeedTestAppTests.xctest */,
				841C8F7E20BB7AC300267D2D /* FlickrFeedTestAppUITests.xctest */,
			);
			name = Products;
			sourceTree = "<group>";
		};
		841C8F6120BB7AC000267D2D /* FlickrFeedTestApp */ = {
			isa = PBXGroup;
			children = (
				84C4648920BB8335006B121B /* Common */,
				84C4647E20BB7BF0006B121B /* Feed */,
				841C8F6220BB7AC000267D2D /* AppDelegate.swift */,
				841C8F6620BB7AC000267D2D /* Main.storyboard */,
				841C8F6920BB7AC300267D2D /* Assets.xcassets */,
				841C8F6B20BB7AC300267D2D /* LaunchScreen.storyboard */,
				841C8F6E20BB7AC300267D2D /* Info.plist */,
			);
			path = FlickrFeedTestApp;
			sourceTree = "<group>";
		};
		841C8F7620BB7AC300267D2D /* FlickrFeedTestAppTests */ = {
			isa = PBXGroup;
			children = (
				841C8F7720BB7AC300267D2D /* FlickrFeedTestAppTests.swift */,
				841C8F7920BB7AC300267D2D /* Info.plist */,
			);
			path = FlickrFeedTestAppTests;
			sourceTree = "<group>";
		};
		841C8F8120BB7AC300267D2D /* FlickrFeedTestAppUITests */ = {
			isa = PBXGroup;
			children = (
				841C8F8220BB7AC300267D2D /* FlickrFeedTestAppUITests.swift */,
				841C8F8420BB7AC300267D2D /* Info.plist */,
			);
			path = FlickrFeedTestAppUITests;
			sourceTree = "<group>";
		};
		84C4647E20BB7BF0006B121B /* Feed */ = {
			isa = PBXGroup;
			children = (
				84C4649B20BB9484006B121B /* Model */,
				84C4649A20BB947C006B121B /* Service */,
				84C4649920BB9477006B121B /* ViewModel */,
				84C4649820BB9471006B121B /* View */,
			);
			path = Feed;
			sourceTree = "<group>";
		};
		84C4648920BB8335006B121B /* Common */ = {
			isa = PBXGroup;
			children = (
				84C464A620BB9C7E006B121B /* View */,
				84C4649520BB921A006B121B /* Model */,
				84C4649420BB9212006B121B /* Service */,
			);
			path = Common;
			sourceTree = "<group>";
		};
		84C4649420BB9212006B121B /* Service */ = {
			isa = PBXGroup;
			children = (
				84C4649620BB9231006B121B /* ImageProvider.swift */,
			);
			path = Service;
			sourceTree = "<group>";
		};
		84C4649520BB921A006B121B /* Model */ = {
			isa = PBXGroup;
			children = (
				84C4648A20BB833F006B121B /* Result.swift */,
				84C4648E20BB8BB8006B121B /* HTTPDefines.swift */,
				84C4649D20BB9529006B121B /* LocalizedStringProvider.swift */,
			);
			path = Model;
			sourceTree = "<group>";
		};
		84C4649820BB9471006B121B /* View */ = {
			isa = PBXGroup;
			children = (
				84C464A520BB9BDB006B121B /* TableViewCell */,
				84C4647F20BB7C17006B121B /* FeedViewController.swift */,
			);
			path = View;
			sourceTree = "<group>";
		};
		84C4649920BB9477006B121B /* ViewModel */ = {
			isa = PBXGroup;
			children = (
				84C4648120BB7C25006B121B /* FeedViewModel.swift */,
			);
			path = ViewModel;
			sourceTree = "<group>";
		};
		84C4649A20BB947C006B121B /* Service */ = {
			isa = PBXGroup;
			children = (
				84C4648320BB7C43006B121B /* FeedProvider.swift */,
				84C4649C20BB948E006B121B /* Helpers */,
			);
			path = Service;
			sourceTree = "<group>";
		};
		84C4649B20BB9484006B121B /* Model */ = {
			isa = PBXGroup;
			children = (
				84C4648620BB7E07006B121B /* FeedResponseModel.swift */,
			);
			path = Model;
			sourceTree = "<group>";
		};
		84C4649C20BB948E006B121B /* Helpers */ = {
			isa = PBXGroup;
			children = (
				84C4648C20BB83D8006B121B /* FeedURLRequestBuilder.swift */,
				84C4649020BB8D45006B121B /* FeedJSONDecoderBuilder.swift */,
				84C464A920BBA2F2006B121B /* FeedProviderHelper.swift */,
			);
			path = Helpers;
			sourceTree = "<group>";
		};
		84C464A520BB9BDB006B121B /* TableViewCell */ = {
			isa = PBXGroup;
			children = (
				84C464A120BB9A37006B121B /* FeedItemTableViewCell.swift */,
				84C464A220BB9A37006B121B /* FeedItemTableViewCell.xib */,
			);
			path = TableViewCell;
			sourceTree = "<group>";
		};
		84C464A620BB9C7E006B121B /* View */ = {
			isa = PBXGroup;
			children = (
				84C464A720BB9C8D006B121B /* Reusable.swift */,
			);
			path = View;
			sourceTree = "<group>";
		};
/* End PBXGroup section */

/* Begin PBXNativeTarget section */
		841C8F5E20BB7ABF00267D2D /* FlickrFeedTestApp */ = {
			isa = PBXNativeTarget;
			buildConfigurationList = 841C8F8720BB7AC300267D2D /* Build configuration list for PBXNativeTarget "FlickrFeedTestApp" */;
			buildPhases = (
				841C8F5B20BB7ABF00267D2D /* Sources */,
				841C8F5C20BB7ABF00267D2D /* Frameworks */,
				841C8F5D20BB7ABF00267D2D /* Resources */,
			);
			buildRules = (
			);
			dependencies = (
			);
			name = FlickrFeedTestApp;
			productName = FlickrFeedTestApp;
			productReference = 841C8F5F20BB7AC000267D2D /* FlickrFeedTestApp.app */;
			productType = "com.apple.product-type.application";
		};
		841C8F7220BB7AC300267D2D /* FlickrFeedTestAppTests */ = {
			isa = PBXNativeTarget;
			buildConfigurationList = 841C8F8A20BB7AC300267D2D /* Build configuration list for PBXNativeTarget "FlickrFeedTestAppTests" */;
			buildPhases = (
				841C8F6F20BB7AC300267D2D /* Sources */,
				841C8F7020BB7AC300267D2D /* Frameworks */,
				841C8F7120BB7AC300267D2D /* Resources */,
			);
			buildRules = (
			);
			dependencies = (
				841C8F7520BB7AC300267D2D /* PBXTargetDependency */,
			);
			name = FlickrFeedTestAppTests;
			productName = FlickrFeedTestAppTests;
			productReference = 841C8F7320BB7AC300267D2D /* FlickrFeedTestAppTests.xctest */;
			productType = "com.apple.product-type.bundle.unit-test";
		};
		841C8F7D20BB7AC300267D2D /* FlickrFeedTestAppUITests */ = {
			isa = PBXNativeTarget;
			buildConfigurationList = 841C8F8D20BB7AC300267D2D /* Build configuration list for PBXNativeTarget "FlickrFeedTestAppUITests" */;
			buildPhases = (
				841C8F7A20BB7AC300267D2D /* Sources */,
				841C8F7B20BB7AC300267D2D /* Frameworks */,
				841C8F7C20BB7AC300267D2D /* Resources */,
			);
			buildRules = (
			);
			dependencies = (
				841C8F8020BB7AC300267D2D /* PBXTargetDependency */,
			);
			name = FlickrFeedTestAppUITests;
			productName = FlickrFeedTestAppUITests;
			productReference = 841C8F7E20BB7AC300267D2D /* FlickrFeedTestAppUITests.xctest */;
			productType = "com.apple.product-type.bundle.ui-testing";
		};
/* End PBXNativeTarget section */

/* Begin PBXProject section */
		841C8F5720BB7ABF00267D2D /* Project object */ = {
			isa = PBXProject;
			attributes = {
				LastSwiftUpdateCheck = 0930;
				LastUpgradeCheck = 0930;
				ORGANIZATIONNAME = LeonidKokhnovych;
				TargetAttributes = {
					841C8F5E20BB7ABF00267D2D = {
						CreatedOnToolsVersion = 9.3.1;
					};
					841C8F7220BB7AC300267D2D = {
						CreatedOnToolsVersion = 9.3.1;
						TestTargetID = 841C8F5E20BB7ABF00267D2D;
					};
					841C8F7D20BB7AC300267D2D = {
						CreatedOnToolsVersion = 9.3.1;
						TestTargetID = 841C8F5E20BB7ABF00267D2D;
					};
				};
			};
			buildConfigurationList = 841C8F5A20BB7ABF00267D2D /* Build configuration list for PBXProject "FlickrFeedTestApp" */;
			compatibilityVersion = "Xcode 9.3";
			developmentRegion = en;
			hasScannedForEncodings = 0;
			knownRegions = (
				en,
				Base,
			);
			mainGroup = 841C8F5620BB7ABF00267D2D;
			productRefGroup = 841C8F6020BB7AC000267D2D /* Products */;
			projectDirPath = "";
			projectRoot = "";
			targets = (
				841C8F5E20BB7ABF00267D2D /* FlickrFeedTestApp */,
				841C8F7220BB7AC300267D2D /* FlickrFeedTestAppTests */,
				841C8F7D20BB7AC300267D2D /* FlickrFeedTestAppUITests */,
			);
		};
/* End PBXProject section */

/* Begin PBXResourcesBuildPhase section */
		841C8F5D20BB7ABF00267D2D /* Resources */ = {
			isa = PBXResourcesBuildPhase;
			buildActionMask = 2147483647;
			files = (
				841C8F6D20BB7AC300267D2D /* LaunchScreen.storyboard in Resources */,
				841C8F6A20BB7AC300267D2D /* Assets.xcassets in Resources */,
				841C8F6820BB7AC000267D2D /* Main.storyboard in Resources */,
				84C464A420BB9A37006B121B /* FeedItemTableViewCell.xib in Resources */,
			);
			runOnlyForDeploymentPostprocessing = 0;
		};
		841C8F7120BB7AC300267D2D /* Resources */ = {
			isa = PBXResourcesBuildPhase;
			buildActionMask = 2147483647;
			files = (
			);
			runOnlyForDeploymentPostprocessing = 0;
		};
		841C8F7C20BB7AC300267D2D /* Resources */ = {
			isa = PBXResourcesBuildPhase;
			buildActionMask = 2147483647;
			files = (
			);
			runOnlyForDeploymentPostprocessing = 0;
		};
/* End PBXResourcesBuildPhase section */

/* Begin PBXSourcesBuildPhase section */
		841C8F5B20BB7ABF00267D2D /* Sources */ = {
			isa = PBXSourcesBuildPhase;
			buildActionMask = 2147483647;
			files = (
				84C4649720BB9231006B121B /* ImageProvider.swift in Sources */,
				84C4648B20BB833F006B121B /* Result.swift in Sources */,
				84C4649E20BB9529006B121B /* LocalizedStringProvider.swift in Sources */,
				84C4648D20BB83D8006B121B /* FeedURLRequestBuilder.swift in Sources */,
				84C4649120BB8D45006B121B /* FeedJSONDecoderBuilder.swift in Sources */,
				84C4648F20BB8BB8006B121B /* HTTPDefines.swift in Sources */,
				84C464A820BB9C8D006B121B /* Reusable.swift in Sources */,
				84C4648420BB7C43006B121B /* FeedProvider.swift in Sources */,
				84C4648020BB7C17006B121B /* FeedViewController.swift in Sources */,
				84C464A320BB9A37006B121B /* FeedItemTableViewCell.swift in Sources */,
				84C464AA20BBA2F2006B121B /* FeedProviderHelper.swift in Sources */,
				84C4648220BB7C25006B121B /* FeedViewModel.swift in Sources */,
				84C4648720BB7E07006B121B /* FeedResponseModel.swift in Sources */,
				841C8F6320BB7AC000267D2D /* AppDelegate.swift in Sources */,
			);
			runOnlyForDeploymentPostprocessing = 0;
		};
		841C8F6F20BB7AC300267D2D /* Sources */ = {
			isa = PBXSourcesBuildPhase;
			buildActionMask = 2147483647;
			files = (
				841C8F7820BB7AC300267D2D /* FlickrFeedTestAppTests.swift in Sources */,
			);
			runOnlyForDeploymentPostprocessing = 0;
		};
		841C8F7A20BB7AC300267D2D /* Sources */ = {
			isa = PBXSourcesBuildPhase;
			buildActionMask = 2147483647;
			files = (
				841C8F8320BB7AC300267D2D /* FlickrFeedTestAppUITests.swift in Sources */,
			);
			runOnlyForDeploymentPostprocessing = 0;
		};
/* End PBXSourcesBuildPhase section */

/* Begin PBXTargetDependency section */
		841C8F7520BB7AC300267D2D /* PBXTargetDependency */ = {
			isa = PBXTargetDependency;
			target = 841C8F5E20BB7ABF00267D2D /* FlickrFeedTestApp */;
			targetProxy = 841C8F7420BB7AC300267D2D /* PBXContainerItemProxy */;
		};
		841C8F8020BB7AC300267D2D /* PBXTargetDependency */ = {
			isa = PBXTargetDependency;
			target = 841C8F5E20BB7ABF00267D2D /* FlickrFeedTestApp */;
			targetProxy = 841C8F7F20BB7AC300267D2D /* PBXContainerItemProxy */;
		};
/* End PBXTargetDependency section */

/* Begin PBXVariantGroup section */
		841C8F6620BB7AC000267D2D /* Main.storyboard */ = {
			isa = PBXVariantGroup;
			children = (
				841C8F6720BB7AC000267D2D /* Base */,
			);
			name = Main.storyboard;
			sourceTree = "<group>";
		};
		841C8F6B20BB7AC300267D2D /* LaunchScreen.storyboard */ = {
			isa = PBXVariantGroup;
			children = (
				841C8F6C20BB7AC300267D2D /* Base */,
			);
			name = LaunchScreen.storyboard;
			sourceTree = "<group>";
		};
/* End PBXVariantGroup section */

/* Begin XCBuildConfiguration section */
		841C8F8520BB7AC300267D2D /* Debug */ = {
			isa = XCBuildConfiguration;
			buildSettings = {
				ALWAYS_SEARCH_USER_PATHS = NO;
				CLANG_ANALYZER_NONNULL = YES;
				CLANG_ANALYZER_NUMBER_OBJECT_CONVERSION = YES_AGGRESSIVE;
				CLANG_CXX_LANGUAGE_STANDARD = "gnu++14";
				CLANG_CXX_LIBRARY = "libc++";
				CLANG_ENABLE_MODULES = YES;
				CLANG_ENABLE_OBJC_ARC = YES;
				CLANG_ENABLE_OBJC_WEAK = YES;
				CLANG_WARN_BLOCK_CAPTURE_AUTORELEASING = YES;
				CLANG_WARN_BOOL_CONVERSION = YES;
				CLANG_WARN_COMMA = YES;
				CLANG_WARN_CONSTANT_CONVERSION = YES;
				CLANG_WARN_DEPRECATED_OBJC_IMPLEMENTATIONS = YES;
				CLANG_WARN_DIRECT_OBJC_ISA_USAGE = YES_ERROR;
				CLANG_WARN_DOCUMENTATION_COMMENTS = YES;
				CLANG_WARN_EMPTY_BODY = YES;
				CLANG_WARN_ENUM_CONVERSION = YES;
				CLANG_WARN_INFINITE_RECURSION = YES;
				CLANG_WARN_INT_CONVERSION = YES;
				CLANG_WARN_NON_LITERAL_NULL_CONVERSION = YES;
				CLANG_WARN_OBJC_IMPLICIT_RETAIN_SELF = YES;
				CLANG_WARN_OBJC_LITERAL_CONVERSION = YES;
				CLANG_WARN_OBJC_ROOT_CLASS = YES_ERROR;
				CLANG_WARN_RANGE_LOOP_ANALYSIS = YES;
				CLANG_WARN_STRICT_PROTOTYPES = YES;
				CLANG_WARN_SUSPICIOUS_MOVE = YES;
				CLANG_WARN_UNGUARDED_AVAILABILITY = YES_AGGRESSIVE;
				CLANG_WARN_UNREACHABLE_CODE = YES;
				CLANG_WARN__DUPLICATE_METHOD_MATCH = YES;
				CODE_SIGN_IDENTITY = "iPhone Developer";
				COPY_PHASE_STRIP = NO;
				DEBUG_INFORMATION_FORMAT = dwarf;
				ENABLE_STRICT_OBJC_MSGSEND = YES;
				ENABLE_TESTABILITY = YES;
				GCC_C_LANGUAGE_STANDARD = gnu11;
				GCC_DYNAMIC_NO_PIC = NO;
				GCC_NO_COMMON_BLOCKS = YES;
				GCC_OPTIMIZATION_LEVEL = 0;
				GCC_PREPROCESSOR_DEFINITIONS = (
					"DEBUG=1",
					"$(inherited)",
				);
				GCC_WARN_64_TO_32_BIT_CONVERSION = YES;
				GCC_WARN_ABOUT_RETURN_TYPE = YES_ERROR;
				GCC_WARN_UNDECLARED_SELECTOR = YES;
				GCC_WARN_UNINITIALIZED_AUTOS = YES_AGGRESSIVE;
				GCC_WARN_UNUSED_FUNCTION = YES;
				GCC_WARN_UNUSED_VARIABLE = YES;
				IPHONEOS_DEPLOYMENT_TARGET = 11.3;
				MTL_ENABLE_DEBUG_INFO = YES;
				ONLY_ACTIVE_ARCH = YES;
				SDKROOT = iphoneos;
				SWIFT_ACTIVE_COMPILATION_CONDITIONS = DEBUG;
				SWIFT_OPTIMIZATION_LEVEL = "-Onone";
			};
			name = Debug;
		};
		841C8F8620BB7AC300267D2D /* Release */ = {
			isa = XCBuildConfiguration;
			buildSettings = {
				ALWAYS_SEARCH_USER_PATHS = NO;
				CLANG_ANALYZER_NONNULL = YES;
				CLANG_ANALYZER_NUMBER_OBJECT_CONVERSION = YES_AGGRESSIVE;
				CLANG_CXX_LANGUAGE_STANDARD = "gnu++14";
				CLANG_CXX_LIBRARY = "libc++";
				CLANG_ENABLE_MODULES = YES;
				CLANG_ENABLE_OBJC_ARC = YES;
				CLANG_ENABLE_OBJC_WEAK = YES;
				CLANG_WARN_BLOCK_CAPTURE_AUTORELEASING = YES;
				CLANG_WARN_BOOL_CONVERSION = YES;
				CLANG_WARN_COMMA = YES;
				CLANG_WARN_CONSTANT_CONVERSION = YES;
				CLANG_WARN_DEPRECATED_OBJC_IMPLEMENTATIONS = YES;
				CLANG_WARN_DIRECT_OBJC_ISA_USAGE = YES_ERROR;
				CLANG_WARN_DOCUMENTATION_COMMENTS = YES;
				CLANG_WARN_EMPTY_BODY = YES;
				CLANG_WARN_ENUM_CONVERSION = YES;
				CLANG_WARN_INFINITE_RECURSION = YES;
				CLANG_WARN_INT_CONVERSION = YES;
				CLANG_WARN_NON_LITERAL_NULL_CONVERSION = YES;
				CLANG_WARN_OBJC_IMPLICIT_RETAIN_SELF = YES;
				CLANG_WARN_OBJC_LITERAL_CONVERSION = YES;
				CLANG_WARN_OBJC_ROOT_CLASS = YES_ERROR;
				CLANG_WARN_RANGE_LOOP_ANALYSIS = YES;
				CLANG_WARN_STRICT_PROTOTYPES = YES;
				CLANG_WARN_SUSPICIOUS_MOVE = YES;
				CLANG_WARN_UNGUARDED_AVAILABILITY = YES_AGGRESSIVE;
				CLANG_WARN_UNREACHABLE_CODE = YES;
				CLANG_WARN__DUPLICATE_METHOD_MATCH = YES;
				CODE_SIGN_IDENTITY = "iPhone Developer";
				COPY_PHASE_STRIP = NO;
				DEBUG_INFORMATION_FORMAT = "dwarf-with-dsym";
				ENABLE_NS_ASSERTIONS = NO;
				ENABLE_STRICT_OBJC_MSGSEND = YES;
				GCC_C_LANGUAGE_STANDARD = gnu11;
				GCC_NO_COMMON_BLOCKS = YES;
				GCC_WARN_64_TO_32_BIT_CONVERSION = YES;
				GCC_WARN_ABOUT_RETURN_TYPE = YES_ERROR;
				GCC_WARN_UNDECLARED_SELECTOR = YES;
				GCC_WARN_UNINITIALIZED_AUTOS = YES_AGGRESSIVE;
				GCC_WARN_UNUSED_FUNCTION = YES;
				GCC_WARN_UNUSED_VARIABLE = YES;
				IPHONEOS_DEPLOYMENT_TARGET = 11.3;
				MTL_ENABLE_DEBUG_INFO = NO;
				SDKROOT = iphoneos;
				SWIFT_COMPILATION_MODE = wholemodule;
				SWIFT_OPTIMIZATION_LEVEL = "-O";
				VALIDATE_PRODUCT = YES;
			};
			name = Release;
		};
		841C8F8820BB7AC300267D2D /* Debug */ = {
			isa = XCBuildConfiguration;
			buildSettings = {
				ASSETCATALOG_COMPILER_APPICON_NAME = AppIcon;
				CODE_SIGN_STYLE = Automatic;
				DEVELOPMENT_TEAM = SD6Z8TPPU4;
				INFOPLIST_FILE = FlickrFeedTestApp/Info.plist;
				LD_RUNPATH_SEARCH_PATHS = (
					"$(inherited)",
					"@executable_path/Frameworks",
				);
				PRODUCT_BUNDLE_IDENTIFIER = com.leonspeedon.FlickrFeedTestApp;
				PRODUCT_NAME = "$(TARGET_NAME)";
				SWIFT_VERSION = 4.0;
				TARGETED_DEVICE_FAMILY = "1,2";
			};
			name = Debug;
		};
		841C8F8920BB7AC300267D2D /* Release */ = {
			isa = XCBuildConfiguration;
			buildSettings = {
				ASSETCATALOG_COMPILER_APPICON_NAME = AppIcon;
				CODE_SIGN_STYLE = Automatic;
				DEVELOPMENT_TEAM = SD6Z8TPPU4;
				INFOPLIST_FILE = FlickrFeedTestApp/Info.plist;
				LD_RUNPATH_SEARCH_PATHS = (
					"$(inherited)",
					"@executable_path/Frameworks",
				);
				PRODUCT_BUNDLE_IDENTIFIER = com.leonspeedon.FlickrFeedTestApp;
				PRODUCT_NAME = "$(TARGET_NAME)";
				SWIFT_VERSION = 4.0;
				TARGETED_DEVICE_FAMILY = "1,2";
			};
			name = Release;
		};
		841C8F8B20BB7AC300267D2D /* Debug */ = {
			isa = XCBuildConfiguration;
			buildSettings = {
				ALWAYS_EMBED_SWIFT_STANDARD_LIBRARIES = YES;
				BUNDLE_LOADER = "$(TEST_HOST)";
				CODE_SIGN_STYLE = Automatic;
				DEVELOPMENT_TEAM = SD6Z8TPPU4;
				INFOPLIST_FILE = FlickrFeedTestAppTests/Info.plist;
				LD_RUNPATH_SEARCH_PATHS = (
					"$(inherited)",
					"@executable_path/Frameworks",
					"@loader_path/Frameworks",
				);
				PRODUCT_BUNDLE_IDENTIFIER = com.leonspeedon.FlickrFeedTestAppTests;
				PRODUCT_NAME = "$(TARGET_NAME)";
				SWIFT_VERSION = 4.0;
				TARGETED_DEVICE_FAMILY = "1,2";
				TEST_HOST = "$(BUILT_PRODUCTS_DIR)/FlickrFeedTestApp.app/FlickrFeedTestApp";
			};
			name = Debug;
		};
		841C8F8C20BB7AC300267D2D /* Release */ = {
			isa = XCBuildConfiguration;
			buildSettings = {
				ALWAYS_EMBED_SWIFT_STANDARD_LIBRARIES = YES;
				BUNDLE_LOADER = "$(TEST_HOST)";
				CODE_SIGN_STYLE = Automatic;
				DEVELOPMENT_TEAM = SD6Z8TPPU4;
				INFOPLIST_FILE = FlickrFeedTestAppTests/Info.plist;
				LD_RUNPATH_SEARCH_PATHS = (
					"$(inherited)",
					"@executable_path/Frameworks",
					"@loader_path/Frameworks",
				);
				PRODUCT_BUNDLE_IDENTIFIER = com.leonspeedon.FlickrFeedTestAppTests;
				PRODUCT_NAME = "$(TARGET_NAME)";
				SWIFT_VERSION = 4.0;
				TARGETED_DEVICE_FAMILY = "1,2";
				TEST_HOST = "$(BUILT_PRODUCTS_DIR)/FlickrFeedTestApp.app/FlickrFeedTestApp";
			};
			name = Release;
		};
		841C8F8E20BB7AC300267D2D /* Debug */ = {
			isa = XCBuildConfiguration;
			buildSettings = {
				ALWAYS_EMBED_SWIFT_STANDARD_LIBRARIES = YES;
				CODE_SIGN_STYLE = Automatic;
				DEVELOPMENT_TEAM = SD6Z8TPPU4;
				INFOPLIST_FILE = FlickrFeedTestAppUITests/Info.plist;
				LD_RUNPATH_SEARCH_PATHS = (
					"$(inherited)",
					"@executable_path/Frameworks",
					"@loader_path/Frameworks",
				);
				PRODUCT_BUNDLE_IDENTIFIER = com.leonspeedon.FlickrFeedTestAppUITests;
				PRODUCT_NAME = "$(TARGET_NAME)";
				SWIFT_VERSION = 4.0;
				TARGETED_DEVICE_FAMILY = "1,2";
				TEST_TARGET_NAME = FlickrFeedTestApp;
			};
			name = Debug;
		};
		841C8F8F20BB7AC300267D2D /* Release */ = {
			isa = XCBuildConfiguration;
			buildSettings = {
				ALWAYS_EMBED_SWIFT_STANDARD_LIBRARIES = YES;
				CODE_SIGN_STYLE = Automatic;
				DEVELOPMENT_TEAM = SD6Z8TPPU4;
				INFOPLIST_FILE = FlickrFeedTestAppUITests/Info.plist;
				LD_RUNPATH_SEARCH_PATHS = (
					"$(inherited)",
					"@executable_path/Frameworks",
					"@loader_path/Frameworks",
				);
				PRODUCT_BUNDLE_IDENTIFIER = com.leonspeedon.FlickrFeedTestAppUITests;
				PRODUCT_NAME = "$(TARGET_NAME)";
				SWIFT_VERSION = 4.0;
				TARGETED_DEVICE_FAMILY = "1,2";
				TEST_TARGET_NAME = FlickrFeedTestApp;
			};
			name = Release;
		};
/* End XCBuildConfiguration section */

/* Begin XCConfigurationList section */
		841C8F5A20BB7ABF00267D2D /* Build configuration list for PBXProject "FlickrFeedTestApp" */ = {
			isa = XCConfigurationList;
			buildConfigurations = (
				841C8F8520BB7AC300267D2D /* Debug */,
				841C8F8620BB7AC300267D2D /* Release */,
			);
			defaultConfigurationIsVisible = 0;
			defaultConfigurationName = Release;
		};
		841C8F8720BB7AC300267D2D /* Build configuration list for PBXNativeTarget "FlickrFeedTestApp" */ = {
			isa = XCConfigurationList;
			buildConfigurations = (
				841C8F8820BB7AC300267D2D /* Debug */,
				841C8F8920BB7AC300267D2D /* Release */,
			);
			defaultConfigurationIsVisible = 0;
			defaultConfigurationName = Release;
		};
		841C8F8A20BB7AC300267D2D /* Build configuration list for PBXNativeTarget "FlickrFeedTestAppTests" */ = {
			isa = XCConfigurationList;
			buildConfigurations = (
				841C8F8B20BB7AC300267D2D /* Debug */,
				841C8F8C20BB7AC300267D2D /* Release */,
			);
			defaultConfigurationIsVisible = 0;
			defaultConfigurationName = Release;
		};
		841C8F8D20BB7AC300267D2D /* Build configuration list for PBXNativeTarget "FlickrFeedTestAppUITests" */ = {
			isa = XCConfigurationList;
			buildConfigurations = (
				841C8F8E20BB7AC300267D2D /* Debug */,
				841C8F8F20BB7AC300267D2D /* Release */,
			);
			defaultConfigurationIsVisible = 0;
			defaultConfigurationName = Release;
		};
/* End XCConfigurationList section */
	};
	rootObject = 841C8F5720BB7ABF00267D2D /* Project object */;
}
